PODS:
  - FlutterMacOS (1.0.0)
  - hizip_native (0.0.1):
    - FlutterMacOS
  - irondash_engine_context (0.0.1):
    - FlutterMacOS
  - super_native_extensions (0.0.1):
    - FlutterMacOS

DEPENDENCIES:
  - FlutterMacOS (from `Flutter/ephemeral`)
  - hizip_native (from `Flutter/ephemeral/.symlinks/plugins/hizip_native/macos`)
  - irondash_engine_context (from `Flutter/ephemeral/.symlinks/plugins/irondash_engine_context/macos`)
  - super_native_extensions (from `Flutter/ephemeral/.symlinks/plugins/super_native_extensions/macos`)

EXTERNAL SOURCES:
  FlutterMacOS:
    :path: Flutter/ephemeral
  hizip_native:
    :path: Flutter/ephemeral/.symlinks/plugins/hizip_native/macos
  irondash_engine_context:
    :path: Flutter/ephemeral/.symlinks/plugins/irondash_engine_context/macos
  super_native_extensions:
    :path: Flutter/ephemeral/.symlinks/plugins/super_native_extensions/macos

SPEC CHECKSUMS:
  FlutterMacOS: c232990155153907050900a2e175c7773903ba4e
  hizip_native: 942070b323e0b30840da4df229b2a6c4e632fcb1
  irondash_engine_context: 893c7d96d20ce361d7e996f39d360c4c2f9869ba
  super_native_extensions: c2795d6d9aedf4a79fae25cb6160b71b50549189

PODFILE CHECKSUM: 13edfb9e70ac3646927b8e6c9a212ad1d0fa29b2

COCOAPODS: 1.16.2
