PODS:
  - FlutterMacOS (1.0.0)
  - hizip_native (0.0.1):
    - FlutterMacOS
  - irondash_engine_context (0.0.1):
    - FlutterMacOS
  - package_info_plus (0.0.1):
    - FlutterMacOS
  - super_native_extensions (0.0.1):
    - FlutterMacOS

DEPENDENCIES:
  - FlutterMacOS (from `Flutter/ephemeral`)
  - hizip_native (from `Flutter/ephemeral/.symlinks/plugins/hizip_native/macos`)
  - irondash_engine_context (from `Flutter/ephemeral/.symlinks/plugins/irondash_engine_context/macos`)
  - package_info_plus (from `Flutter/ephemeral/.symlinks/plugins/package_info_plus/macos`)
  - super_native_extensions (from `Flutter/ephemeral/.symlinks/plugins/super_native_extensions/macos`)

EXTERNAL SOURCES:
  FlutterMacOS:
    :path: Flutter/ephemeral
  hizip_native:
    :path: Flutter/ephemeral/.symlinks/plugins/hizip_native/macos
  irondash_engine_context:
    :path: Flutter/ephemeral/.symlinks/plugins/irondash_engine_context/macos
  package_info_plus:
    :path: Flutter/ephemeral/.symlinks/plugins/package_info_plus/macos
  super_native_extensions:
    :path: Flutter/ephemeral/.symlinks/plugins/super_native_extensions/macos

SPEC CHECKSUMS:
  FlutterMacOS: c232990155153907050900a2e175c7773903ba4e
  hizip_native: 917dcbfdc48ecc56d753176ea507f6175683a977
  irondash_engine_context: 893c7d96d20ce361d7e996f39d360c4c2f9869ba
  package_info_plus: 122abb51244f66eead59ce7c9c200d6b53111779
  super_native_extensions: c2795d6d9aedf4a79fae25cb6160b71b50549189

PODFILE CHECKSUM: 51904df55341f035dba9b5fc621261d458dd6552

COCOAPODS: 1.16.2
